
Microsoft Visual Studio Solution File, Format Version 12.00
# Visual Studio Version 16
VisualStudioVersion = 16.0.29025.244
MinimumVisualStudioVersion = 10.0.40219.1
Project("{FAE04EC0-301F-11D3-BF4B-00C04F79EFBC}") = "2019Oct", "2019Oct\2019Oct.csproj", "{B905966B-E4D1-4AAA-8FC8-41E93EC1918E}"
EndProject
Global
	GlobalSection(SolutionConfigurationPlatforms) = preSolution
		Debug|Any CPU = Debug|Any CPU
		Release|Any CPU = Release|Any CPU
	EndGlobalSection
	GlobalSection(ProjectConfigurationPlatforms) = postSolution
		{B905966B-E4D1-4AAA-8FC8-41E93EC1918E}.Debug|Any CPU.ActiveCfg = Debug|Any CPU
		{B905966B-E4D1-4AAA-8FC8-41E93EC1918E}.Debug|Any CPU.Build.0 = Debug|Any CPU
		{B905966B-E4D1-4AAA-8FC8-41E93EC1918E}.Release|Any CPU.ActiveCfg = Release|Any CPU
		{B905966B-E4D1-4AAA-8FC8-41E93EC1918E}.Release|Any CPU.Build.0 = Release|Any CPU
	EndGlobalSection
	GlobalSection(SolutionProperties) = preSolution
		HideSolutionNode = FALSE
	EndGlobalSection
	GlobalSection(ExtensibilityGlobals) = postSolution
		SolutionGuid = {F84A4521-084D-4958-9E98-671653D1ADCC}
	EndGlobalSection
EndGlobal
